// !$*UTF8*$!
{
	archiveVersion = 1;
	classes = {
	};
	objectVersion = 77;
	objects = {

/* Begin PBXContainerItemProxy section */
		7A2A0E302DB1F0D8000DA60A /* PBXContainerItemProxy */ = {
			isa = PBXContainerItemProxy;
			containerPortal = 7A2A0E1A2DB1F0CE000DA60A /* Project object */;
			proxyType = 1;
			remoteGlobalIDString = 7A2A0E212DB1F0CE000DA60A;
			remoteInfo = cpsc411_finalproject;
		};
		7A2A0E3A2DB1F0D8000DA60A /* PBXContainerItemProxy */ = {
			isa = PBXContainerItemProxy;
			containerPortal = 7A2A0E1A2DB1F0CE000DA60A /* Project object */;
			proxyType = 1;
			remoteGlobalIDString = 7A2A0E212DB1F0CE000DA60A;
			remoteInfo = cpsc411_finalproject;
		};
/* End PBXContainerItemProxy section */

/* Begin PBXFileReference section */
		7A2A0E222DB1F0CE000DA60A /* cpsc411_finalproject.app */ = {isa = PBXFileReference; explicitFileType = wrapper.application; includeInIndex = 0; path = cpsc411_finalproject.app; sourceTree = BUILT_PRODUCTS_DIR; };
		7A2A0E2F2DB1F0D8000DA60A /* cpsc411_finalprojectTests.xctest */ = {isa = PBXFileReference; explicitFileType = wrapper.cfbundle; includeInIndex = 0; path = cpsc411_finalprojectTests.xctest; sourceTree = BUILT_PRODUCTS_DIR; };
		7A2A0E392DB1F0D8000DA60A /* cpsc411_finalprojectUITests.xctest */ = {isa = PBXFileReference; explicitFileType = wrapper.cfbundle; includeInIndex = 0; path = cpsc411_finalprojectUITests.xctest; sourceTree = BUILT_PRODUCTS_DIR; };
/* End PBXFileReference section */

/* Begin PBXFileSystemSynchronizedRootGroup section */
		7A2A0E242DB1F0CE000DA60A /* cpsc411_finalproject */ = {
			isa = PBXFileSystemSynchronizedRootGroup;
			path = cpsc411_finalproject;
			sourceTree = "<group>";
		};
		7A2A0E322DB1F0D8000DA60A /* cpsc411_finalprojectTests */ = {
			isa = PBXFileSystemSynchronizedRootGroup;
			path = cpsc411_finalprojectTests;
			sourceTree = "<group>";
		};
		7A2A0E3C2DB1F0D8000DA60A /* cpsc411_finalprojectUITests */ = {
			isa = PBXFileSystemSynchronizedRootGroup;
			path = cpsc411_finalprojectUITests;
			sourceTree = "<group>";
		};
/* End PBXFileSystemSynchronizedRootGroup section */

/* Begin PBXFrameworksBuildPhase section */
		7A2A0E1F2DB1F0CE000DA60A /* Frameworks */ = {
			isa = PBXFrameworksBuildPhase;
			buildActionMask = 2147483647;
			files = (
			);
			runOnlyForDeploymentPostprocessing = 0;
		};
		7A2A0E2C2DB1F0D8000DA60A /* Frameworks */ = {
			isa = PBXFrameworksBuildPhase;
			buildActionMask = 2147483647;
			files = (
			);
			runOnlyForDeploymentPostprocessing = 0;
		};
		7A2A0E362DB1F0D8000DA60A /* Frameworks */ = {
			isa = PBXFrameworksBuildPhase;
			buildActionMask = 2147483647;
			files = (
			);
			runOnlyForDeploymentPostprocessing = 0;
		};
/* End PBXFrameworksBuildPhase section */

/* Begin PBXGroup section */
		7A2A0E192DB1F0CE000DA60A = {
			isa = PBXGroup;
			children = (
				7A2A0E242DB1F0CE000DA60A /* cpsc411_finalproject */,
				7A2A0E322DB1F0D8000DA60A /* cpsc411_finalprojectTests */,
				7A2A0E3C2DB1F0D8000DA60A /* cpsc411_finalprojectUITests */,
				7A2A0E232DB1F0CE000DA60A /* Products */,
			);
			sourceTree = "<group>";
		};
		7A2A0E232DB1F0CE000DA60A /* Products */ = {
			isa = PBXGroup;
			children = (
				7A2A0E222DB1F0CE000DA60A /* cpsc411_finalproject.app */,
				7A2A0E2F2DB1F0D8000DA60A /* cpsc411_finalprojectTests.xctest */,
				7A2A0E392DB1F0D8000DA60A /* cpsc411_finalprojectUITests.xctest */,
			);
			name = Products;
			sourceTree = "<group>";
		};
/* End PBXGroup section */

/* Begin PBXNativeTarget section */
		7A2A0E212DB1F0CE000DA60A /* cpsc411_finalproject */ = {
			isa = PBXNativeTarget;
			buildConfigurationList = 7A2A0E432DB1F0D8000DA60A /* Build configuration list for PBXNativeTarget "cpsc411_finalproject" */;
			buildPhases = (
				7A2A0E1E2DB1F0CE000DA60A /* Sources */,
				7A2A0E1F2DB1F0CE000DA60A /* Frameworks */,
				7A2A0E202DB1F0CE000DA60A /* Resources */,
			);
			buildRules = (
			);
			dependencies = (
			);
			fileSystemSynchronizedGroups = (
				7A2A0E242DB1F0CE000DA60A /* cpsc411_finalproject */,
			);
			name = cpsc411_finalproject;
			packageProductDependencies = (
			);
			productName = cpsc411_finalproject;
			productReference = 7A2A0E222DB1F0CE000DA60A /* cpsc411_finalproject.app */;
			productType = "com.apple.product-type.application";
		};
		7A2A0E2E2DB1F0D8000DA60A /* cpsc411_finalprojectTests */ = {
			isa = PBXNativeTarget;
			buildConfigurationList = 7A2A0E462DB1F0D8000DA60A /* Build configuration list for PBXNativeTarget "cpsc411_finalprojectTests" */;
			buildPhases = (
				7A2A0E2B2DB1F0D8000DA60A /* Sources */,
				7A2A0E2C2DB1F0D8000DA60A /* Frameworks */,
				7A2A0E2D2DB1F0D8000DA60A /* Resources */,
			);
			buildRules = (
			);
			dependencies = (
				7A2A0E312DB1F0D8000DA60A /* PBXTargetDependency */,
			);
			fileSystemSynchronizedGroups = (
				7A2A0E322DB1F0D8000DA60A /* cpsc411_finalprojectTests */,
			);
			name = cpsc411_finalprojectTests;
			packageProductDependencies = (
			);
			productName = cpsc411_finalprojectTests;
			productReference = 7A2A0E2F2DB1F0D8000DA60A /* cpsc411_finalprojectTests.xctest */;
			productType = "com.apple.product-type.bundle.unit-test";
		};
		7A2A0E382DB1F0D8000DA60A /* cpsc411_finalprojectUITests */ = {
			isa = PBXNativeTarget;
			buildConfigurationList = 7A2A0E492DB1F0D8000DA60A /* Build configuration list for PBXNativeTarget "cpsc411_finalprojectUITests" */;
			buildPhases = (
				7A2A0E352DB1F0D8000DA60A /* Sources */,
				7A2A0E362DB1F0D8000DA60A /* Frameworks */,
				7A2A0E372DB1F0D8000DA60A /* Resources */,
			);
			buildRules = (
			);
			dependencies = (
				7A2A0E3B2DB1F0D8000DA60A /* PBXTargetDependency */,
			);
			fileSystemSynchronizedGroups = (
				7A2A0E3C2DB1F0D8000DA60A /* cpsc411_finalprojectUITests */,
			);
			name = cpsc411_finalprojectUITests;
			packageProductDependencies = (
			);
			productName = cpsc411_finalprojectUITests;
			productReference = 7A2A0E392DB1F0D8000DA60A /* cpsc411_finalprojectUITests.xctest */;
			productType = "com.apple.product-type.bundle.ui-testing";
		};
/* End PBXNativeTarget section */

/* Begin PBXProject section */
		7A2A0E1A2DB1F0CE000DA60A /* Project object */ = {
			isa = PBXProject;
			attributes = {
				BuildIndependentTargetsInParallel = 1;
				LastSwiftUpdateCheck = 1630;
				LastUpgradeCheck = 1630;
				TargetAttributes = {
					7A2A0E212DB1F0CE000DA60A = {
						CreatedOnToolsVersion = 16.3;
					};
					7A2A0E2E2DB1F0D8000DA60A = {
						CreatedOnToolsVersion = 16.3;
						TestTargetID = 7A2A0E212DB1F0CE000DA60A;
					};
					7A2A0E382DB1F0D8000DA60A = {
						CreatedOnToolsVersion = 16.3;
						TestTargetID = 7A2A0E212DB1F0CE000DA60A;
					};
				};
			};
			buildConfigurationList = 7A2A0E1D2DB1F0CE000DA60A /* Build configuration list for PBXProject "cpsc411_finalproject" */;
			developmentRegion = en;
			hasScannedForEncodings = 0;
			knownRegions = (
				en,
				Base,
			);
			mainGroup = 7A2A0E192DB1F0CE000DA60A;
			minimizedProjectReferenceProxies = 1;
			preferredProjectObjectVersion = 77;
			productRefGroup = 7A2A0E232DB1F0CE000DA60A /* Products */;
			projectDirPath = "";
			projectRoot = "";
			targets = (
				7A2A0E212DB1F0CE000DA60A /* cpsc411_finalproject */,
				7A2A0E2E2DB1F0D8000DA60A /* cpsc411_finalprojectTests */,
				7A2A0E382DB1F0D8000DA60A /* cpsc411_finalprojectUITests */,
			);
		};
/* End PBXProject section */

/* Begin PBXResourcesBuildPhase section */
		7A2A0E202DB1F0CE000DA60A /* Resources */ = {
			isa = PBXResourcesBuildPhase;
			buildActionMask = 2147483647;
			files = (
			);
			runOnlyForDeploymentPostprocessing = 0;
		};
		7A2A0E2D2DB1F0D8000DA60A /* Resources */ = {
			isa = PBXResourcesBuildPhase;
			buildActionMask = 2147483647;
			files = (
			);
			runOnlyForDeploymentPostprocessing = 0;
		};
		7A2A0E372DB1F0D8000DA60A /* Resources */ = {
			isa = PBXResourcesBuildPhase;
			buildActionMask = 2147483647;
			files = (
			);
			runOnlyForDeploymentPostprocessing = 0;
		};
/* End PBXResourcesBuildPhase section */

/* Begin PBXSourcesBuildPhase section */
		7A2A0E1E2DB1F0CE000DA60A /* Sources */ = {
			isa = PBXSourcesBuildPhase;
			buildActionMask = 2147483647;
			files = (
			);
			runOnlyForDeploymentPostprocessing = 0;
		};
		7A2A0E2B2DB1F0D8000DA60A /* Sources */ = {
			isa = PBXSourcesBuildPhase;
			buildActionMask = 2147483647;
			files = (
			);
			runOnlyForDeploymentPostprocessing = 0;
		};
		7A2A0E352DB1F0D8000DA60A /* Sources */ = {
			isa = PBXSourcesBuildPhase;
			buildActionMask = 2147483647;
			files = (
			);
			runOnlyForDeploymentPostprocessing = 0;
		};
/* End PBXSourcesBuildPhase section */

/* Begin PBXTargetDependency section */
		7A2A0E312DB1F0D8000DA60A /* PBXTargetDependency */ = {
			isa = PBXTargetDependency;
			target = 7A2A0E212DB1F0CE000DA60A /* cpsc411_finalproject */;
			targetProxy = 7A2A0E302DB1F0D8000DA60A /* PBXContainerItemProxy */;
		};
		7A2A0E3B2DB1F0D8000DA60A /* PBXTargetDependency */ = {
			isa = PBXTargetDependency;
			target = 7A2A0E212DB1F0CE000DA60A /* cpsc411_finalproject */;
			targetProxy = 7A2A0E3A2DB1F0D8000DA60A /* PBXContainerItemProxy */;
		};
/* End PBXTargetDependency section */

/* Begin XCBuildConfiguration section */
		7A2A0E412DB1F0D8000DA60A /* Debug */ = {
			isa = XCBuildConfiguration;
			buildSettings = {
				ALWAYS_SEARCH_USER_PATHS = NO;
				ASSETCATALOG_COMPILER_GENERATE_SWIFT_ASSET_SYMBOL_EXTENSIONS = YES;
				CLANG_ANALYZER_NONNULL = YES;
				CLANG_ANALYZER_NUMBER_OBJECT_CONVERSION = YES_AGGRESSIVE;
				CLANG_CXX_LANGUAGE_STANDARD = "gnu++20";
				CLANG_ENABLE_MODULES = YES;
				CLANG_ENABLE_OBJC_ARC = YES;
				CLANG_ENABLE_OBJC_WEAK = YES;
				CLANG_WARN_BLOCK_CAPTURE_AUTORELEASING = YES;
				CLANG_WARN_BOOL_CONVERSION = YES;
				CLANG_WARN_COMMA = YES;
				CLANG_WARN_CONSTANT_CONVERSION = YES;
				CLANG_WARN_DEPRECATED_OBJC_IMPLEMENTATIONS = YES;
				CLANG_WARN_DIRECT_OBJC_ISA_USAGE = YES_ERROR;
				CLANG_WARN_DOCUMENTATION_COMMENTS = YES;
				CLANG_WARN_EMPTY_BODY = YES;
				CLANG_WARN_ENUM_CONVERSION = YES;
				CLANG_WARN_INFINITE_RECURSION = YES;
				CLANG_WARN_INT_CONVERSION = YES;
				CLANG_WARN_NON_LITERAL_NULL_CONVERSION = YES;
				CLANG_WARN_OBJC_IMPLICIT_RETAIN_SELF = YES;
				CLANG_WARN_OBJC_LITERAL_CONVERSION = YES;
				CLANG_WARN_OBJC_ROOT_CLASS = YES_ERROR;
				CLANG_WARN_QUOTED_INCLUDE_IN_FRAMEWORK_HEADER = YES;
				CLANG_WARN_RANGE_LOOP_ANALYSIS = YES;
				CLANG_WARN_STRICT_PROTOTYPES = YES;
				CLANG_WARN_SUSPICIOUS_MOVE = YES;
				CLANG_WARN_UNGUARDED_AVAILABILITY = YES_AGGRESSIVE;
				CLANG_WARN_UNREACHABLE_CODE = YES;
				CLANG_WARN__DUPLICATE_METHOD_MATCH = YES;
				COPY_PHASE_STRIP = NO;
				DEBUG_INFORMATION_FORMAT = dwarf;
				ENABLE_STRICT_OBJC_MSGSEND = YES;
				ENABLE_TESTABILITY = YES;
				ENABLE_USER_SCRIPT_SANDBOXING = YES;
				GCC_C_LANGUAGE_STANDARD = gnu17;
				GCC_DYNAMIC_NO_PIC = NO;
				GCC_NO_COMMON_BLOCKS = YES;
				GCC_OPTIMIZATION_LEVEL = 0;
				GCC_PREPROCESSOR_DEFINITIONS = (
					"DEBUG=1",
					"$(inherited)",
				);
				GCC_WARN_64_TO_32_BIT_CONVERSION = YES;
				GCC_WARN_ABOUT_RETURN_TYPE = YES_ERROR;
				GCC_WARN_UNDECLARED_SELECTOR = YES;
				GCC_WARN_UNINITIALIZED_AUTOS = YES_AGGRESSIVE;
				GCC_WARN_UNUSED_FUNCTION = YES;
				GCC_WARN_UNUSED_VARIABLE = YES;
				IPHONEOS_DEPLOYMENT_TARGET = 18.4;
				LOCALIZATION_PREFERS_STRING_CATALOGS = YES;
				MTL_ENABLE_DEBUG_INFO = INCLUDE_SOURCE;
				MTL_FAST_MATH = YES;
				ONLY_ACTIVE_ARCH = YES;
				SDKROOT = iphoneos;
				SWIFT_ACTIVE_COMPILATION_CONDITIONS = "DEBUG $(inherited)";
				SWIFT_OPTIMIZATION_LEVEL = "-Onone";
			};
			name = Debug;
		};
		7A2A0E422DB1F0D8000DA60A /* Release */ = {
			isa = XCBuildConfiguration;
			buildSettings = {
				ALWAYS_SEARCH_USER_PATHS = NO;
				ASSETCATALOG_COMPILER_GENERATE_SWIFT_ASSET_SYMBOL_EXTENSIONS = YES;
				CLANG_ANALYZER_NONNULL = YES;
				CLANG_ANALYZER_NUMBER_OBJECT_CONVERSION = YES_AGGRESSIVE;
				CLANG_CXX_LANGUAGE_STANDARD = "gnu++20";
				CLANG_ENABLE_MODULES = YES;
				CLANG_ENABLE_OBJC_ARC = YES;
				CLANG_ENABLE_OBJC_WEAK = YES;
				CLANG_WARN_BLOCK_CAPTURE_AUTORELEASING = YES;
				CLANG_WARN_BOOL_CONVERSION = YES;
				CLANG_WARN_COMMA = YES;
				CLANG_WARN_CONSTANT_CONVERSION = YES;
				CLANG_WARN_DEPRECATED_OBJC_IMPLEMENTATIONS = YES;
				CLANG_WARN_DIRECT_OBJC_ISA_USAGE = YES_ERROR;
				CLANG_WARN_DOCUMENTATION_COMMENTS = YES;
				CLANG_WARN_EMPTY_BODY = YES;
				CLANG_WARN_ENUM_CONVERSION = YES;
				CLANG_WARN_INFINITE_RECURSION = YES;
				CLANG_WARN_INT_CONVERSION = YES;
				CLANG_WARN_NON_LITERAL_NULL_CONVERSION = YES;
				CLANG_WARN_OBJC_IMPLICIT_RETAIN_SELF = YES;
				CLANG_WARN_OBJC_LITERAL_CONVERSION = YES;
				CLANG_WARN_OBJC_ROOT_CLASS = YES_ERROR;
				CLANG_WARN_QUOTED_INCLUDE_IN_FRAMEWORK_HEADER = YES;
				CLANG_WARN_RANGE_LOOP_ANALYSIS = YES;
				CLANG_WARN_STRICT_PROTOTYPES = YES;
				CLANG_WARN_SUSPICIOUS_MOVE = YES;
				CLANG_WARN_UNGUARDED_AVAILABILITY = YES_AGGRESSIVE;
				CLANG_WARN_UNREACHABLE_CODE = YES;
				CLANG_WARN__DUPLICATE_METHOD_MATCH = YES;
				COPY_PHASE_STRIP = NO;
				DEBUG_INFORMATION_FORMAT = "dwarf-with-dsym";
				ENABLE_NS_ASSERTIONS = NO;
				ENABLE_STRICT_OBJC_MSGSEND = YES;
				ENABLE_USER_SCRIPT_SANDBOXING = YES;
				GCC_C_LANGUAGE_STANDARD = gnu17;
				GCC_NO_COMMON_BLOCKS = YES;
				GCC_WARN_64_TO_32_BIT_CONVERSION = YES;
				GCC_WARN_ABOUT_RETURN_TYPE = YES_ERROR;
				GCC_WARN_UNDECLARED_SELECTOR = YES;
				GCC_WARN_UNINITIALIZED_AUTOS = YES_AGGRESSIVE;
				GCC_WARN_UNUSED_FUNCTION = YES;
				GCC_WARN_UNUSED_VARIABLE = YES;
				IPHONEOS_DEPLOYMENT_TARGET = 18.4;
				LOCALIZATION_PREFERS_STRING_CATALOGS = YES;
				MTL_ENABLE_DEBUG_INFO = NO;
				MTL_FAST_MATH = YES;
				SDKROOT = iphoneos;
				SWIFT_COMPILATION_MODE = wholemodule;
				VALIDATE_PRODUCT = YES;
			};
			name = Release;
		};
		7A2A0E442DB1F0D8000DA60A /* Debug */ = {
			isa = XCBuildConfiguration;
			buildSettings = {
				ASSETCATALOG_COMPILER_APPICON_NAME = AppIcon;
				ASSETCATALOG_COMPILER_GLOBAL_ACCENT_COLOR_NAME = AccentColor;
				CODE_SIGN_STYLE = Automatic;
				CURRENT_PROJECT_VERSION = 1;
				ENABLE_PREVIEWS = YES;
				GENERATE_INFOPLIST_FILE = YES;
				INFOPLIST_KEY_UIApplicationSceneManifest_Generation = YES;
				INFOPLIST_KEY_UIApplicationSupportsIndirectInputEvents = YES;
				INFOPLIST_KEY_UILaunchScreen_Generation = YES;
				INFOPLIST_KEY_UISupportedInterfaceOrientations_iPad = "UIInterfaceOrientationPortrait UIInterfaceOrientationPortraitUpsideDown UIInterfaceOrientationLandscapeLeft UIInterfaceOrientationLandscapeRight";
				INFOPLIST_KEY_UISupportedInterfaceOrientations_iPhone = "UIInterfaceOrientationPortrait UIInterfaceOrientationLandscapeLeft UIInterfaceOrientationLandscapeRight";
				LD_RUNPATH_SEARCH_PATHS = (
					"$(inherited)",
					"@executable_path/Frameworks",
				);
				MARKETING_VERSION = 1.0;
				PRODUCT_BUNDLE_IDENTIFIER = "mnchow.cpsc411-finalproject";
				PRODUCT_NAME = "$(TARGET_NAME)";
				SWIFT_EMIT_LOC_STRINGS = YES;
				SWIFT_VERSION = 5.0;
				TARGETED_DEVICE_FAMILY = "1,2";
			};
			name = Debug;
		};
		7A2A0E452DB1F0D8000DA60A /* Release */ = {
			isa = XCBuildConfiguration;
			buildSettings = {
				ASSETCATALOG_COMPILER_APPICON_NAME = AppIcon;
				ASSETCATALOG_COMPILER_GLOBAL_ACCENT_COLOR_NAME = AccentColor;
				CODE_SIGN_STYLE = Automatic;
				CURRENT_PROJECT_VERSION = 1;
				ENABLE_PREVIEWS = YES;
				GENERATE_INFOPLIST_FILE = YES;
				INFOPLIST_KEY_UIApplicationSceneManifest_Generation = YES;
				INFOPLIST_KEY_UIApplicationSupportsIndirectInputEvents = YES;
				INFOPLIST_KEY_UILaunchScreen_Generation = YES;
				INFOPLIST_KEY_UISupportedInterfaceOrientations_iPad = "UIInterfaceOrientationPortrait UIInterfaceOrientationPortraitUpsideDown UIInterfaceOrientationLandscapeLeft UIInterfaceOrientationLandscapeRight";
				INFOPLIST_KEY_UISupportedInterfaceOrientations_iPhone = "UIInterfaceOrientationPortrait UIInterfaceOrientationLandscapeLeft UIInterfaceOrientationLandscapeRight";
				LD_RUNPATH_SEARCH_PATHS = (
					"$(inherited)",
					"@executable_path/Frameworks",
				);
				MARKETING_VERSION = 1.0;
				PRODUCT_BUNDLE_IDENTIFIER = "mnchow.cpsc411-finalproject";
				PRODUCT_NAME = "$(TARGET_NAME)";
				SWIFT_EMIT_LOC_STRINGS = YES;
				SWIFT_VERSION = 5.0;
				TARGETED_DEVICE_FAMILY = "1,2";
			};
			name = Release;
		};
		7A2A0E472DB1F0D8000DA60A /* Debug */ = {
			isa = XCBuildConfiguration;
			buildSettings = {
				BUNDLE_LOADER = "$(TEST_HOST)";
				CODE_SIGN_STYLE = Automatic;
				CURRENT_PROJECT_VERSION = 1;
				GENERATE_INFOPLIST_FILE = YES;
				IPHONEOS_DEPLOYMENT_TARGET = 18.4;
				MARKETING_VERSION = 1.0;
				PRODUCT_BUNDLE_IDENTIFIER = "mnchow.cpsc411-finalprojectTests";
				PRODUCT_NAME = "$(TARGET_NAME)";
				SWIFT_EMIT_LOC_STRINGS = NO;
				SWIFT_VERSION = 5.0;
				TARGETED_DEVICE_FAMILY = "1,2";
				TEST_HOST = "$(BUILT_PRODUCTS_DIR)/cpsc411_finalproject.app/$(BUNDLE_EXECUTABLE_FOLDER_PATH)/cpsc411_finalproject";
			};
			name = Debug;
		};
		7A2A0E482DB1F0D8000DA60A /* Release */ = {
			isa = XCBuildConfiguration;
			buildSettings = {
				BUNDLE_LOADER = "$(TEST_HOST)";
				CODE_SIGN_STYLE = Automatic;
				CURRENT_PROJECT_VERSION = 1;
				GENERATE_INFOPLIST_FILE = YES;
				IPHONEOS_DEPLOYMENT_TARGET = 18.4;
				MARKETING_VERSION = 1.0;
				PRODUCT_BUNDLE_IDENTIFIER = "mnchow.cpsc411-finalprojectTests";
				PRODUCT_NAME = "$(TARGET_NAME)";
				SWIFT_EMIT_LOC_STRINGS = NO;
				SWIFT_VERSION = 5.0;
				TARGETED_DEVICE_FAMILY = "1,2";
				TEST_HOST = "$(BUILT_PRODUCTS_DIR)/cpsc411_finalproject.app/$(BUNDLE_EXECUTABLE_FOLDER_PATH)/cpsc411_finalproject";
			};
			name = Release;
		};
		7A2A0E4A2DB1F0D8000DA60A /* Debug */ = {
			isa = XCBuildConfiguration;
			buildSettings = {
				CODE_SIGN_STYLE = Automatic;
				CURRENT_PROJECT_VERSION = 1;
				GENERATE_INFOPLIST_FILE = YES;
				MARKETING_VERSION = 1.0;
				PRODUCT_BUNDLE_IDENTIFIER = "mnchow.cpsc411-finalprojectUITests";
				PRODUCT_NAME = "$(TARGET_NAME)";
				SWIFT_EMIT_LOC_STRINGS = NO;
				SWIFT_VERSION = 5.0;
				TARGETED_DEVICE_FAMILY = "1,2";
				TEST_TARGET_NAME = cpsc411_finalproject;
			};
			name = Debug;
		};
		7A2A0E4B2DB1F0D8000DA60A /* Release */ = {
			isa = XCBuildConfiguration;
			buildSettings = {
				CODE_SIGN_STYLE = Automatic;
				CURRENT_PROJECT_VERSION = 1;
				GENERATE_INFOPLIST_FILE = YES;
				MARKETING_VERSION = 1.0;
				PRODUCT_BUNDLE_IDENTIFIER = "mnchow.cpsc411-finalprojectUITests";
				PRODUCT_NAME = "$(TARGET_NAME)";
				SWIFT_EMIT_LOC_STRINGS = NO;
				SWIFT_VERSION = 5.0;
				TARGETED_DEVICE_FAMILY = "1,2";
				TEST_TARGET_NAME = cpsc411_finalproject;
			};
			name = Release;
		};
/* End XCBuildConfiguration section */

/* Begin XCConfigurationList section */
		7A2A0E1D2DB1F0CE000DA60A /* Build configuration list for PBXProject "cpsc411_finalproject" */ = {
			isa = XCConfigurationList;
			buildConfigurations = (
				7A2A0E412DB1F0D8000DA60A /* Debug */,
				7A2A0E422DB1F0D8000DA60A /* Release */,
			);
			defaultConfigurationIsVisible = 0;
			defaultConfigurationName = Release;
		};
		7A2A0E432DB1F0D8000DA60A /* Build configuration list for PBXNativeTarget "cpsc411_finalproject" */ = {
			isa = XCConfigurationList;
			buildConfigurations = (
				7A2A0E442DB1F0D8000DA60A /* Debug */,
				7A2A0E452DB1F0D8000DA60A /* Release */,
			);
			defaultConfigurationIsVisible = 0;
			defaultConfigurationName = Release;
		};
		7A2A0E462DB1F0D8000DA60A /* Build configuration list for PBXNativeTarget "cpsc411_finalprojectTests" */ = {
			isa = XCConfigurationList;
			buildConfigurations = (
				7A2A0E472DB1F0D8000DA60A /* Debug */,
				7A2A0E482DB1F0D8000DA60A /* Release */,
			);
			defaultConfigurationIsVisible = 0;
			defaultConfigurationName = Release;
		};
		7A2A0E492DB1F0D8000DA60A /* Build configuration list for PBXNativeTarget "cpsc411_finalprojectUITests" */ = {
			isa = XCConfigurationList;
			buildConfigurations = (
				7A2A0E4A2DB1F0D8000DA60A /* Debug */,
				7A2A0E4B2DB1F0D8000DA60A /* Release */,
			);
			defaultConfigurationIsVisible = 0;
			defaultConfigurationName = Release;
		};
/* End XCConfigurationList section */
	};
	rootObject = 7A2A0E1A2DB1F0CE000DA60A /* Project object */;
}
